// !$*UTF8*$!
{
	archiveVersion = 1;
	classes = {
	};
	objectVersion = 50;
	objects = {

/* Begin PBXBuildFile section */
		C375650225D694BA00827EE8 /* WeatherWhatch WatchKit App.app in Embed Watch Content */ = {isa = PBXBuildFile; fileRef = C375650125D694BA00827EE8 /* WeatherWhatch WatchKit App.app */; settings = {ATTRIBUTES = (RemoveHeadersOnCopy, ); }; };
		C375650825D694BA00827EE8 /* Interface.storyboard in Resources */ = {isa = PBXBuildFile; fileRef = C375650625D694BA00827EE8 /* Interface.storyboard */; };
		C375650A25D694BE00827EE8 /* Assets.xcassets in Resources */ = {isa = PBXBuildFile; fileRef = C375650925D694BE00827EE8 /* Assets.xcassets */; };
		C375651125D694BE00827EE8 /* WeatherWhatch WatchKit Extension.appex in Embed App Extensions */ = {isa = PBXBuildFile; fileRef = C375651025D694BE00827EE8 /* WeatherWhatch WatchKit Extension.appex */; settings = {ATTRIBUTES = (RemoveHeadersOnCopy, ); }; };
		C375651625D694BE00827EE8 /* HostingController.swift in Sources */ = {isa = PBXBuildFile; fileRef = C375651525D694BE00827EE8 /* HostingController.swift */; };
		C375651825D694BE00827EE8 /* ContentView.swift in Sources */ = {isa = PBXBuildFile; fileRef = C375651725D694BE00827EE8 /* ContentView.swift */; };
		C375651A25D694BE00827EE8 /* ExtensionDelegate.swift in Sources */ = {isa = PBXBuildFile; fileRef = C375651925D694BE00827EE8 /* ExtensionDelegate.swift */; };
		C375651C25D694BE00827EE8 /* NotificationController.swift in Sources */ = {isa = PBXBuildFile; fileRef = C375651B25D694BE00827EE8 /* NotificationController.swift */; };
		C375651E25D694BE00827EE8 /* NotificationView.swift in Sources */ = {isa = PBXBuildFile; fileRef = C375651D25D694BE00827EE8 /* NotificationView.swift */; };
		C375652025D694BE00827EE8 /* ComplicationController.swift in Sources */ = {isa = PBXBuildFile; fileRef = C375651F25D694BE00827EE8 /* ComplicationController.swift */; };
		C375652225D694C000827EE8 /* Assets.xcassets in Resources */ = {isa = PBXBuildFile; fileRef = C375652125D694C000827EE8 /* Assets.xcassets */; };
		C375652525D694C000827EE8 /* Preview Assets.xcassets in Resources */ = {isa = PBXBuildFile; fileRef = C375652425D694C000827EE8 /* Preview Assets.xcassets */; };
/* End PBXBuildFile section */

/* Begin PBXContainerItemProxy section */
		C375650325D694BA00827EE8 /* PBXContainerItemProxy */ = {
			isa = PBXContainerItemProxy;
			containerPortal = C37564F725D694BA00827EE8 /* Project object */;
			proxyType = 1;
			remoteGlobalIDString = C375650025D694BA00827EE8;
			remoteInfo = "WeatherWhatch WatchKit App";
		};
		C375651225D694BE00827EE8 /* PBXContainerItemProxy */ = {
			isa = PBXContainerItemProxy;
			containerPortal = C37564F725D694BA00827EE8 /* Project object */;
			proxyType = 1;
			remoteGlobalIDString = C375650F25D694BE00827EE8;
			remoteInfo = "WeatherWhatch WatchKit Extension";
		};
/* End PBXContainerItemProxy section */

/* Begin PBXCopyFilesBuildPhase section */
		C375652D25D694C000827EE8 /* Embed App Extensions */ = {
			isa = PBXCopyFilesBuildPhase;
			buildActionMask = 2147483647;
			dstPath = "";
			dstSubfolderSpec = 13;
			files = (
				C375651125D694BE00827EE8 /* WeatherWhatch WatchKit Extension.appex in Embed App Extensions */,
			);
			name = "Embed App Extensions";
			runOnlyForDeploymentPostprocessing = 0;
		};
		C375653125D694C000827EE8 /* Embed Watch Content */ = {
			isa = PBXCopyFilesBuildPhase;
			buildActionMask = 2147483647;
			dstPath = "$(CONTENTS_FOLDER_PATH)/Watch";
			dstSubfolderSpec = 16;
			files = (
				C375650225D694BA00827EE8 /* WeatherWhatch WatchKit App.app in Embed Watch Content */,
			);
			name = "Embed Watch Content";
			runOnlyForDeploymentPostprocessing = 0;
		};
/* End PBXCopyFilesBuildPhase section */

/* Begin PBXFileReference section */
		C37564FD25D694BA00827EE8 /* WeatherWhatch.app */ = {isa = PBXFileReference; explicitFileType = wrapper.application; includeInIndex = 0; path = WeatherWhatch.app; sourceTree = BUILT_PRODUCTS_DIR; };
		C375650125D694BA00827EE8 /* WeatherWhatch WatchKit App.app */ = {isa = PBXFileReference; explicitFileType = wrapper.application; includeInIndex = 0; path = "WeatherWhatch WatchKit App.app"; sourceTree = BUILT_PRODUCTS_DIR; };
		C375650725D694BA00827EE8 /* Base */ = {isa = PBXFileReference; lastKnownFileType = file.storyboard; name = Base; path = Base.lproj/Interface.storyboard; sourceTree = "<group>"; };
		C375650925D694BE00827EE8 /* Assets.xcassets */ = {isa = PBXFileReference; lastKnownFileType = folder.assetcatalog; path = Assets.xcassets; sourceTree = "<group>"; };
		C375650B25D694BE00827EE8 /* Info.plist */ = {isa = PBXFileReference; lastKnownFileType = text.plist.xml; path = Info.plist; sourceTree = "<group>"; };
		C375651025D694BE00827EE8 /* WeatherWhatch WatchKit Extension.appex */ = {isa = PBXFileReference; explicitFileType = "wrapper.app-extension"; includeInIndex = 0; path = "WeatherWhatch WatchKit Extension.appex"; sourceTree = BUILT_PRODUCTS_DIR; };
		C375651525D694BE00827EE8 /* HostingController.swift */ = {isa = PBXFileReference; lastKnownFileType = sourcecode.swift; path = HostingController.swift; sourceTree = "<group>"; };
		C375651725D694BE00827EE8 /* ContentView.swift */ = {isa = PBXFileReference; lastKnownFileType = sourcecode.swift; path = ContentView.swift; sourceTree = "<group>"; };
		C375651925D694BE00827EE8 /* ExtensionDelegate.swift */ = {isa = PBXFileReference; lastKnownFileType = sourcecode.swift; path = ExtensionDelegate.swift; sourceTree = "<group>"; };
		C375651B25D694BE00827EE8 /* NotificationController.swift */ = {isa = PBXFileReference; lastKnownFileType = sourcecode.swift; path = NotificationController.swift; sourceTree = "<group>"; };
		C375651D25D694BE00827EE8 /* NotificationView.swift */ = {isa = PBXFileReference; lastKnownFileType = sourcecode.swift; path = NotificationView.swift; sourceTree = "<group>"; };
		C375651F25D694BE00827EE8 /* ComplicationController.swift */ = {isa = PBXFileReference; lastKnownFileType = sourcecode.swift; path = ComplicationController.swift; sourceTree = "<group>"; };
		C375652125D694C000827EE8 /* Assets.xcassets */ = {isa = PBXFileReference; lastKnownFileType = folder.assetcatalog; path = Assets.xcassets; sourceTree = "<group>"; };
		C375652425D694C000827EE8 /* Preview Assets.xcassets */ = {isa = PBXFileReference; lastKnownFileType = folder.assetcatalog; path = "Preview Assets.xcassets"; sourceTree = "<group>"; };
		C375652625D694C000827EE8 /* Info.plist */ = {isa = PBXFileReference; lastKnownFileType = text.plist.xml; path = Info.plist; sourceTree = "<group>"; };
		C375652725D694C000827EE8 /* PushNotificationPayload.apns */ = {isa = PBXFileReference; lastKnownFileType = text; path = PushNotificationPayload.apns; sourceTree = "<group>"; };
/* End PBXFileReference section */

/* Begin PBXFrameworksBuildPhase section */
		C375650D25D694BE00827EE8 /* Frameworks */ = {
			isa = PBXFrameworksBuildPhase;
			buildActionMask = 2147483647;
			files = (
			);
			runOnlyForDeploymentPostprocessing = 0;
		};
/* End PBXFrameworksBuildPhase section */

/* Begin PBXGroup section */
		C37564F625D694BA00827EE8 = {
			isa = PBXGroup;
			children = (
				C375650525D694BA00827EE8 /* WeatherWhatch WatchKit App */,
				C375651425D694BE00827EE8 /* WeatherWhatch WatchKit Extension */,
				C37564FE25D694BA00827EE8 /* Products */,
			);
			sourceTree = "<group>";
		};
		C37564FE25D694BA00827EE8 /* Products */ = {
			isa = PBXGroup;
			children = (
				C37564FD25D694BA00827EE8 /* WeatherWhatch.app */,
				C375650125D694BA00827EE8 /* WeatherWhatch WatchKit App.app */,
				C375651025D694BE00827EE8 /* WeatherWhatch WatchKit Extension.appex */,
			);
			name = Products;
			sourceTree = "<group>";
		};
		C375650525D694BA00827EE8 /* WeatherWhatch WatchKit App */ = {
			isa = PBXGroup;
			children = (
				C375650625D694BA00827EE8 /* Interface.storyboard */,
				C375650925D694BE00827EE8 /* Assets.xcassets */,
				C375650B25D694BE00827EE8 /* Info.plist */,
			);
			path = "WeatherWhatch WatchKit App";
			sourceTree = "<group>";
		};
		C375651425D694BE00827EE8 /* WeatherWhatch WatchKit Extension */ = {
			isa = PBXGroup;
			children = (
				C375651525D694BE00827EE8 /* HostingController.swift */,
				C375651725D694BE00827EE8 /* ContentView.swift */,
				C375651925D694BE00827EE8 /* ExtensionDelegate.swift */,
				C375651B25D694BE00827EE8 /* NotificationController.swift */,
				C375651D25D694BE00827EE8 /* NotificationView.swift */,
				C375651F25D694BE00827EE8 /* ComplicationController.swift */,
				C375652125D694C000827EE8 /* Assets.xcassets */,
				C375652625D694C000827EE8 /* Info.plist */,
				C375652725D694C000827EE8 /* PushNotificationPayload.apns */,
				C375652325D694C000827EE8 /* Preview Content */,
			);
			path = "WeatherWhatch WatchKit Extension";
			sourceTree = "<group>";
		};
		C375652325D694C000827EE8 /* Preview Content */ = {
			isa = PBXGroup;
			children = (
				C375652425D694C000827EE8 /* Preview Assets.xcassets */,
			);
			path = "Preview Content";
			sourceTree = "<group>";
		};
/* End PBXGroup section */

/* Begin PBXNativeTarget section */
		C37564FC25D694BA00827EE8 /* WeatherWhatch */ = {
			isa = PBXNativeTarget;
			buildConfigurationList = C375653225D694C000827EE8 /* Build configuration list for PBXNativeTarget "WeatherWhatch" */;
			buildPhases = (
				C37564FB25D694BA00827EE8 /* Resources */,
				C375653125D694C000827EE8 /* Embed Watch Content */,
			);
			buildRules = (
			);
			dependencies = (
				C375650425D694BA00827EE8 /* PBXTargetDependency */,
			);
			name = WeatherWhatch;
			productName = WeatherWhatch;
			productReference = C37564FD25D694BA00827EE8 /* WeatherWhatch.app */;
			productType = "com.apple.product-type.application.watchapp2-container";
		};
		C375650025D694BA00827EE8 /* WeatherWhatch WatchKit App */ = {
			isa = PBXNativeTarget;
			buildConfigurationList = C375652E25D694C000827EE8 /* Build configuration list for PBXNativeTarget "WeatherWhatch WatchKit App" */;
			buildPhases = (
				C37564FF25D694BA00827EE8 /* Resources */,
				C375652D25D694C000827EE8 /* Embed App Extensions */,
			);
			buildRules = (
			);
			dependencies = (
				C375651325D694BE00827EE8 /* PBXTargetDependency */,
			);
			name = "WeatherWhatch WatchKit App";
			productName = "WeatherWhatch WatchKit App";
			productReference = C375650125D694BA00827EE8 /* WeatherWhatch WatchKit App.app */;
			productType = "com.apple.product-type.application.watchapp2";
		};
		C375650F25D694BE00827EE8 /* WeatherWhatch WatchKit Extension */ = {
			isa = PBXNativeTarget;
			buildConfigurationList = C375652A25D694C000827EE8 /* Build configuration list for PBXNativeTarget "WeatherWhatch WatchKit Extension" */;
			buildPhases = (
				C375650C25D694BE00827EE8 /* Sources */,
				C375650D25D694BE00827EE8 /* Frameworks */,
				C375650E25D694BE00827EE8 /* Resources */,
			);
			buildRules = (
			);
			dependencies = (
			);
			name = "WeatherWhatch WatchKit Extension";
			productName = "WeatherWhatch WatchKit Extension";
			productReference = C375651025D694BE00827EE8 /* WeatherWhatch WatchKit Extension.appex */;
			productType = "com.apple.product-type.watchkit2-extension";
		};
/* End PBXNativeTarget section */

/* Begin PBXProject section */
		C37564F725D694BA00827EE8 /* Project object */ = {
			isa = PBXProject;
			attributes = {
				LastSwiftUpdateCheck = 1240;
				LastUpgradeCheck = 1240;
				TargetAttributes = {
					C37564FC25D694BA00827EE8 = {
						CreatedOnToolsVersion = 12.4;
					};
					C375650025D694BA00827EE8 = {
						CreatedOnToolsVersion = 12.4;
					};
					C375650F25D694BE00827EE8 = {
						CreatedOnToolsVersion = 12.4;
					};
				};
			};
			buildConfigurationList = C37564FA25D694BA00827EE8 /* Build configuration list for PBXProject "WeatherWhatch" */;
			compatibilityVersion = "Xcode 9.3";
			developmentRegion = en;
			hasScannedForEncodings = 0;
			knownRegions = (
				en,
				Base,
			);
			mainGroup = C37564F625D694BA00827EE8;
			productRefGroup = C37564FE25D694BA00827EE8 /* Products */;
			projectDirPath = "";
			projectRoot = "";
			targets = (
				C37564FC25D694BA00827EE8 /* WeatherWhatch */,
				C375650025D694BA00827EE8 /* WeatherWhatch WatchKit App */,
				C375650F25D694BE00827EE8 /* WeatherWhatch WatchKit Extension */,
			);
		};
/* End PBXProject section */

/* Begin PBXResourcesBuildPhase section */
		C37564FB25D694BA00827EE8 /* Resources */ = {
			isa = PBXResourcesBuildPhase;
			buildActionMask = 2147483647;
			files = (
			);
			runOnlyForDeploymentPostprocessing = 0;
		};
		C37564FF25D694BA00827EE8 /* Resources */ = {
			isa = PBXResourcesBuildPhase;
			buildActionMask = 2147483647;
			files = (
				C375650A25D694BE00827EE8 /* Assets.xcassets in Resources */,
				C375650825D694BA00827EE8 /* Interface.storyboard in Resources */,
			);
			runOnlyForDeploymentPostprocessing = 0;
		};
		C375650E25D694BE00827EE8 /* Resources */ = {
			isa = PBXResourcesBuildPhase;
			buildActionMask = 2147483647;
			files = (
				C375652525D694C000827EE8 /* Preview Assets.xcassets in Resources */,
				C375652225D694C000827EE8 /* Assets.xcassets in Resources */,
			);
			runOnlyForDeploymentPostprocessing = 0;
		};
/* End PBXResourcesBuildPhase section */

/* Begin PBXSourcesBuildPhase section */
		C375650C25D694BE00827EE8 /* Sources */ = {
			isa = PBXSourcesBuildPhase;
			buildActionMask = 2147483647;
			files = (
				C375651825D694BE00827EE8 /* ContentView.swift in Sources */,
				C375651625D694BE00827EE8 /* HostingController.swift in Sources */,
				C375651C25D694BE00827EE8 /* NotificationController.swift in Sources */,
				C375651A25D694BE00827EE8 /* ExtensionDelegate.swift in Sources */,
				C375651E25D694BE00827EE8 /* NotificationView.swift in Sources */,
				C375652025D694BE00827EE8 /* ComplicationController.swift in Sources */,
			);
			runOnlyForDeploymentPostprocessing = 0;
		};
/* End PBXSourcesBuildPhase section */

/* Begin PBXTargetDependency section */
		C375650425D694BA00827EE8 /* PBXTargetDependency */ = {
			isa = PBXTargetDependency;
			target = C375650025D694BA00827EE8 /* WeatherWhatch WatchKit App */;
			targetProxy = C375650325D694BA00827EE8 /* PBXContainerItemProxy */;
		};
		C375651325D694BE00827EE8 /* PBXTargetDependency */ = {
			isa = PBXTargetDependency;
			target = C375650F25D694BE00827EE8 /* WeatherWhatch WatchKit Extension */;
			targetProxy = C375651225D694BE00827EE8 /* PBXContainerItemProxy */;
		};
/* End PBXTargetDependency section */

/* Begin PBXVariantGroup section */
		C375650625D694BA00827EE8 /* Interface.storyboard */ = {
			isa = PBXVariantGroup;
			children = (
				C375650725D694BA00827EE8 /* Base */,
			);
			name = Interface.storyboard;
			sourceTree = "<group>";
		};
/* End PBXVariantGroup section */

/* Begin XCBuildConfiguration section */
		C375652825D694C000827EE8 /* Debug */ = {
			isa = XCBuildConfiguration;
			buildSettings = {
				ALWAYS_SEARCH_USER_PATHS = NO;
				CLANG_ANALYZER_NONNULL = YES;
				CLANG_ANALYZER_NUMBER_OBJECT_CONVERSION = YES_AGGRESSIVE;
				CLANG_CXX_LANGUAGE_STANDARD = "gnu++14";
				CLANG_CXX_LIBRARY = "libc++";
				CLANG_ENABLE_MODULES = YES;
				CLANG_ENABLE_OBJC_ARC = YES;
				CLANG_ENABLE_OBJC_WEAK = YES;
				CLANG_WARN_BLOCK_CAPTURE_AUTORELEASING = YES;
				CLANG_WARN_BOOL_CONVERSION = YES;
				CLANG_WARN_COMMA = YES;
				CLANG_WARN_CONSTANT_CONVERSION = YES;
				CLANG_WARN_DEPRECATED_OBJC_IMPLEMENTATIONS = YES;
				CLANG_WARN_DIRECT_OBJC_ISA_USAGE = YES_ERROR;
				CLANG_WARN_DOCUMENTATION_COMMENTS = YES;
				CLANG_WARN_EMPTY_BODY = YES;
				CLANG_WARN_ENUM_CONVERSION = YES;
				CLANG_WARN_INFINITE_RECURSION = YES;
				CLANG_WARN_INT_CONVERSION = YES;
				CLANG_WARN_NON_LITERAL_NULL_CONVERSION = YES;
				CLANG_WARN_OBJC_IMPLICIT_RETAIN_SELF = YES;
				CLANG_WARN_OBJC_LITERAL_CONVERSION = YES;
				CLANG_WARN_OBJC_ROOT_CLASS = YES_ERROR;
				CLANG_WARN_QUOTED_INCLUDE_IN_FRAMEWORK_HEADER = YES;
				CLANG_WARN_RANGE_LOOP_ANALYSIS = YES;
				CLANG_WARN_STRICT_PROTOTYPES = YES;
				CLANG_WARN_SUSPICIOUS_MOVE = YES;
				CLANG_WARN_UNGUARDED_AVAILABILITY = YES_AGGRESSIVE;
				CLANG_WARN_UNREACHABLE_CODE = YES;
				CLANG_WARN__DUPLICATE_METHOD_MATCH = YES;
				COPY_PHASE_STRIP = NO;
				DEBUG_INFORMATION_FORMAT = dwarf;
				ENABLE_STRICT_OBJC_MSGSEND = YES;
				ENABLE_TESTABILITY = YES;
				GCC_C_LANGUAGE_STANDARD = gnu11;
				GCC_DYNAMIC_NO_PIC = NO;
				GCC_NO_COMMON_BLOCKS = YES;
				GCC_OPTIMIZATION_LEVEL = 0;
				GCC_PREPROCESSOR_DEFINITIONS = (
					"DEBUG=1",
					"$(inherited)",
				);
				GCC_WARN_64_TO_32_BIT_CONVERSION = YES;
				GCC_WARN_ABOUT_RETURN_TYPE = YES_ERROR;
				GCC_WARN_UNDECLARED_SELECTOR = YES;
				GCC_WARN_UNINITIALIZED_AUTOS = YES_AGGRESSIVE;
				GCC_WARN_UNUSED_FUNCTION = YES;
				GCC_WARN_UNUSED_VARIABLE = YES;
				MTL_ENABLE_DEBUG_INFO = INCLUDE_SOURCE;
				MTL_FAST_MATH = YES;
				ONLY_ACTIVE_ARCH = YES;
				SDKROOT = iphoneos;
				SWIFT_ACTIVE_COMPILATION_CONDITIONS = DEBUG;
				SWIFT_OPTIMIZATION_LEVEL = "-Onone";
			};
			name = Debug;
		};
		C375652925D694C000827EE8 /* Release */ = {
			isa = XCBuildConfiguration;
			buildSettings = {
				ALWAYS_SEARCH_USER_PATHS = NO;
				CLANG_ANALYZER_NONNULL = YES;
				CLANG_ANALYZER_NUMBER_OBJECT_CONVERSION = YES_AGGRESSIVE;
				CLANG_CXX_LANGUAGE_STANDARD = "gnu++14";
				CLANG_CXX_LIBRARY = "libc++";
				CLANG_ENABLE_MODULES = YES;
				CLANG_ENABLE_OBJC_ARC = YES;
				CLANG_ENABLE_OBJC_WEAK = YES;
				CLANG_WARN_BLOCK_CAPTURE_AUTORELEASING = YES;
				CLANG_WARN_BOOL_CONVERSION = YES;
				CLANG_WARN_COMMA = YES;
				CLANG_WARN_CONSTANT_CONVERSION = YES;
				CLANG_WARN_DEPRECATED_OBJC_IMPLEMENTATIONS = YES;
				CLANG_WARN_DIRECT_OBJC_ISA_USAGE = YES_ERROR;
				CLANG_WARN_DOCUMENTATION_COMMENTS = YES;
				CLANG_WARN_EMPTY_BODY = YES;
				CLANG_WARN_ENUM_CONVERSION = YES;
				CLANG_WARN_INFINITE_RECURSION = YES;
				CLANG_WARN_INT_CONVERSION = YES;
				CLANG_WARN_NON_LITERAL_NULL_CONVERSION = YES;
				CLANG_WARN_OBJC_IMPLICIT_RETAIN_SELF = YES;
				CLANG_WARN_OBJC_LITERAL_CONVERSION = YES;
				CLANG_WARN_OBJC_ROOT_CLASS = YES_ERROR;
				CLANG_WARN_QUOTED_INCLUDE_IN_FRAMEWORK_HEADER = YES;
				CLANG_WARN_RANGE_LOOP_ANALYSIS = YES;
				CLANG_WARN_STRICT_PROTOTYPES = YES;
				CLANG_WARN_SUSPICIOUS_MOVE = YES;
				CLANG_WARN_UNGUARDED_AVAILABILITY = YES_AGGRESSIVE;
				CLANG_WARN_UNREACHABLE_CODE = YES;
				CLANG_WARN__DUPLICATE_METHOD_MATCH = YES;
				COPY_PHASE_STRIP = NO;
				DEBUG_INFORMATION_FORMAT = "dwarf-with-dsym";
				ENABLE_NS_ASSERTIONS = NO;
				ENABLE_STRICT_OBJC_MSGSEND = YES;
				GCC_C_LANGUAGE_STANDARD = gnu11;
				GCC_NO_COMMON_BLOCKS = YES;
				GCC_WARN_64_TO_32_BIT_CONVERSION = YES;
				GCC_WARN_ABOUT_RETURN_TYPE = YES_ERROR;
				GCC_WARN_UNDECLARED_SELECTOR = YES;
				GCC_WARN_UNINITIALIZED_AUTOS = YES_AGGRESSIVE;
				GCC_WARN_UNUSED_FUNCTION = YES;
				GCC_WARN_UNUSED_VARIABLE = YES;
				MTL_ENABLE_DEBUG_INFO = NO;
				MTL_FAST_MATH = YES;
				SDKROOT = iphoneos;
				SWIFT_COMPILATION_MODE = wholemodule;
				SWIFT_OPTIMIZATION_LEVEL = "-O";
				VALIDATE_PRODUCT = YES;
			};
			name = Release;
		};
		C375652B25D694C000827EE8 /* Debug */ = {
			isa = XCBuildConfiguration;
			buildSettings = {
				ASSETCATALOG_COMPILER_COMPLICATION_NAME = Complication;
				CODE_SIGN_STYLE = Automatic;
				DEVELOPMENT_ASSET_PATHS = "\"WeatherWhatch WatchKit Extension/Preview Content\"";
				ENABLE_PREVIEWS = YES;
				INFOPLIST_FILE = "WeatherWhatch WatchKit Extension/Info.plist";
				LD_RUNPATH_SEARCH_PATHS = (
					"$(inherited)",
					"@executable_path/Frameworks",
					"@executable_path/../../Frameworks",
				);
				PRODUCT_BUNDLE_IDENTIFIER = kp11.WeatherWhatch.watchkitapp.watchkitextension;
				PRODUCT_NAME = "${TARGET_NAME}";
				SDKROOT = watchos;
				SKIP_INSTALL = YES;
				SWIFT_VERSION = 5.0;
				TARGETED_DEVICE_FAMILY = 4;
				WATCHOS_DEPLOYMENT_TARGET = 7.2;
			};
			name = Debug;
		};
		C375652C25D694C000827EE8 /* Release */ = {
			isa = XCBuildConfiguration;
			buildSettings = {
				ASSETCATALOG_COMPILER_COMPLICATION_NAME = Complication;
				CODE_SIGN_STYLE = Automatic;
				DEVELOPMENT_ASSET_PATHS = "\"WeatherWhatch WatchKit Extension/Preview Content\"";
				ENABLE_PREVIEWS = YES;
				INFOPLIST_FILE = "WeatherWhatch WatchKit Extension/Info.plist";
				LD_RUNPATH_SEARCH_PATHS = (
					"$(inherited)",
					"@executable_path/Frameworks",
					"@executable_path/../../Frameworks",
				);
				PRODUCT_BUNDLE_IDENTIFIER = kp11.WeatherWhatch.watchkitapp.watchkitextension;
				PRODUCT_NAME = "${TARGET_NAME}";
				SDKROOT = watchos;
				SKIP_INSTALL = YES;
				SWIFT_VERSION = 5.0;
				TARGETED_DEVICE_FAMILY = 4;
				WATCHOS_DEPLOYMENT_TARGET = 7.2;
			};
			name = Release;
		};
		C375652F25D694C000827EE8 /* Debug */ = {
			isa = XCBuildConfiguration;
			buildSettings = {
				ALWAYS_EMBED_SWIFT_STANDARD_LIBRARIES = YES;
				ASSETCATALOG_COMPILER_APPICON_NAME = AppIcon;
				ASSETCATALOG_COMPILER_GLOBAL_ACCENT_COLOR_NAME = AccentColor;
				CODE_SIGN_STYLE = Automatic;
				IBSC_MODULE = WeatherWhatch_WatchKit_Extension;
				INFOPLIST_FILE = "WeatherWhatch WatchKit App/Info.plist";
				PRODUCT_BUNDLE_IDENTIFIER = kp11.WeatherWhatch.watchkitapp;
				PRODUCT_NAME = "$(TARGET_NAME)";
				SDKROOT = watchos;
				SKIP_INSTALL = YES;
				SWIFT_VERSION = 5.0;
				TARGETED_DEVICE_FAMILY = 4;
				WATCHOS_DEPLOYMENT_TARGET = 7.2;
			};
			name = Debug;
		};
		C375653025D694C000827EE8 /* Release */ = {
			isa = XCBuildConfiguration;
			buildSettings = {
				ALWAYS_EMBED_SWIFT_STANDARD_LIBRARIES = YES;
				ASSETCATALOG_COMPILER_APPICON_NAME = AppIcon;
				ASSETCATALOG_COMPILER_GLOBAL_ACCENT_COLOR_NAME = AccentColor;
				CODE_SIGN_STYLE = Automatic;
				IBSC_MODULE = WeatherWhatch_WatchKit_Extension;
				INFOPLIST_FILE = "WeatherWhatch WatchKit App/Info.plist";
				PRODUCT_BUNDLE_IDENTIFIER = kp11.WeatherWhatch.watchkitapp;
				PRODUCT_NAME = "$(TARGET_NAME)";
				SDKROOT = watchos;
				SKIP_INSTALL = YES;
				SWIFT_VERSION = 5.0;
				TARGETED_DEVICE_FAMILY = 4;
				WATCHOS_DEPLOYMENT_TARGET = 7.2;
			};
			name = Release;
		};
		C375653325D694C000827EE8 /* Debug */ = {
			isa = XCBuildConfiguration;
			buildSettings = {
				CODE_SIGN_STYLE = Automatic;
				CURRENT_PROJECT_VERSION = 1;
				MARKETING_VERSION = 1.0;
				PRODUCT_BUNDLE_IDENTIFIER = kp11.WeatherWhatch;
				PRODUCT_NAME = "$(TARGET_NAME)";
				SWIFT_VERSION = 5.0;
			};
			name = Debug;
		};
		C375653425D694C000827EE8 /* Release */ = {
			isa = XCBuildConfiguration;
			buildSettings = {
				CODE_SIGN_STYLE = Automatic;
				CURRENT_PROJECT_VERSION = 1;
				MARKETING_VERSION = 1.0;
				PRODUCT_BUNDLE_IDENTIFIER = kp11.WeatherWhatch;
				PRODUCT_NAME = "$(TARGET_NAME)";
				SWIFT_VERSION = 5.0;
			};
			name = Release;
		};
/* End XCBuildConfiguration section */

/* Begin XCConfigurationList section */
		C37564FA25D694BA00827EE8 /* Build configuration list for PBXProject "WeatherWhatch" */ = {
			isa = XCConfigurationList;
			buildConfigurations = (
				C375652825D694C000827EE8 /* Debug */,
				C375652925D694C000827EE8 /* Release */,
			);
			defaultConfigurationIsVisible = 0;
			defaultConfigurationName = Release;
		};
		C375652A25D694C000827EE8 /* Build configuration list for PBXNativeTarget "WeatherWhatch WatchKit Extension" */ = {
			isa = XCConfigurationList;
			buildConfigurations = (
				C375652B25D694C000827EE8 /* Debug */,
				C375652C25D694C000827EE8 /* Release */,
			);
			defaultConfigurationIsVisible = 0;
			defaultConfigurationName = Release;
		};
		C375652E25D694C000827EE8 /* Build configuration list for PBXNativeTarget "WeatherWhatch WatchKit App" */ = {
			isa = XCConfigurationList;
			buildConfigurations = (
				C375652F25D694C000827EE8 /* Debug */,
				C375653025D694C000827EE8 /* Release */,
			);
			defaultConfigurationIsVisible = 0;
			defaultConfigurationName = Release;
		};
		C375653225D694C000827EE8 /* Build configuration list for PBXNativeTarget "WeatherWhatch" */ = {
			isa = XCConfigurationList;
			buildConfigurations = (
				C375653325D694C000827EE8 /* Debug */,
				C375653425D694C000827EE8 /* Release */,
			);
			defaultConfigurationIsVisible = 0;
			defaultConfigurationName = Release;
		};
/* End XCConfigurationList section */
	};
	rootObject = C37564F725D694BA00827EE8 /* Project object */;
}
